
Microsoft Visual Studio Solution File, Format Version 12.00
# Visual Studio 14
VisualStudioVersion = 14.0.23107.0
MinimumVisualStudioVersion = 10.0.40219.1
Project("{2150E333-8FDC-42A3-9474-1A3956D46DE8}") = "0 Common", "0 Common", "{1D6DE637-E914-44F8-A951-678193C04626}"
EndProject
Project("{2150E333-8FDC-42A3-9474-1A3956D46DE8}") = "1 Presentation", "1 Presentation", "{8041A495-ED17-4243-B8C5-E22B0ACFAAB4}"
EndProject
Project("{2150E333-8FDC-42A3-9474-1A3956D46DE8}") = "2 Service", "2 Service", "{D4C84DDF-983A-4AE5-899A-42147280A1B8}"
EndProject
Project("{2150E333-8FDC-42A3-9474-1A3956D46DE8}") = "3 BLL", "3 BLL", "{C3AE40D7-7C08-41D6-A25B-36E52393E537}"
EndProject
Project("{2150E333-8FDC-42A3-9474-1A3956D46DE8}") = "4 DAL", "4 DAL", "{DF40B0CF-09AF-4AE8-8EC6-0C9EA8F5FCD2}"
EndProject
Project("{2150E333-8FDC-42A3-9474-1A3956D46DE8}") = "5 Test", "5 Test", "{022E402D-A098-4049-9C05-537FD44F2254}"
EndProject
Project("{FAE04EC0-301F-11D3-BF4B-00C04F79EFBC}") = "OpenQbit.Hospital.Common.Models", "OpenQbit.Hospital.Common.Models\OpenQbit.Hospital.Common.Models.csproj", "{27CBC4B0-558D-4CF7-BF7D-A557FE1B8B51}"
EndProject
Project("{2150E333-8FDC-42A3-9474-1A3956D46DE8}") = "Utils", "Utils", "{4A91D09F-DDA5-4B31-84B1-0F87ADBB6AAE}"
EndProject
Project("{FAE04EC0-301F-11D3-BF4B-00C04F79EFBC}") = "OpenQbit.Hospital.Common.Utils.Logs", "OpenQbit.Hospital.Common.Utils.Logs\OpenQbit.Hospital.Common.Utils.Logs.csproj", "{E5FE8FDD-7567-4477-A194-810AD710A7C7}"
EndProject
Project("{FAE04EC0-301F-11D3-BF4B-00C04F79EFBC}") = "OpenQbit.Hospital.Presentation.Web", "OpenQbit.Hospital.Presentation.Web\OpenQbit.Hospital.Presentation.Web.csproj", "{C643ACDA-3157-4626-9855-7D2B42AB0EF8}"
EndProject
Project("{FAE04EC0-301F-11D3-BF4B-00C04F79EFBC}") = "OpenQbit.Hospital.Service.WebAPI", "OpenQbit.Hospital.Service.WebAPI\OpenQbit.Hospital.Service.WebAPI.csproj", "{1668544A-EF19-4E8D-8C4F-39FC765E8FBD}"
EndProject
Project("{FAE04EC0-301F-11D3-BF4B-00C04F79EFBC}") = "OpenQbit.HospitalSystem.Common.loc", "OpenQbit.HospitalSystem.Common.loc\OpenQbit.HospitalSystem.Common.loc.csproj", "{5B5BC0A9-78E4-4F7A-B9CF-E0FEBA0A9EC0}"
EndProject
Project("{FAE04EC0-301F-11D3-BF4B-00C04F79EFBC}") = "OpenQbit.Hospital.BusinessService", "OpenQbit.Hospital.BusinessService\OpenQbit.Hospital.BusinessService.csproj", "{783A4EBF-7CDE-46ED-A666-14A860FED1EF}"
EndProject
Project("{FAE04EC0-301F-11D3-BF4B-00C04F79EFBC}") = "OpenQbit.Hospital.BusinessService.Contracts", "OpenQbit.Hospital.BusinessService.Contracts\OpenQbit.Hospital.BusinessService.Contracts.csproj", "{CD15201E-F1D7-4D00-A38F-CC93245D86B4}"
EndProject
Project("{FAE04EC0-301F-11D3-BF4B-00C04F79EFBC}") = "OpenQbit.Hospital.DataAccsess.DAL", "OpenQbit.Hospital.DataAccsess.DAL\OpenQbit.Hospital.DataAccsess.DAL.csproj", "{8D38D97D-BC4F-42A8-A0FD-BCD3259A27C7}"
EndProject
Project("{FAE04EC0-301F-11D3-BF4B-00C04F79EFBC}") = "OpenQbit.Hospital.DataAccess.DAL.Contracts", "OpenQbit.Hospital.DataAccess.DAL.Contracts\OpenQbit.Hospital.DataAccess.DAL.Contracts.csproj", "{6D07F9FE-0182-468D-9FD5-4935880B4936}"
EndProject
Project("{FAE04EC0-301F-11D3-BF4B-00C04F79EFBC}") = "OpenQbit.Hospital.Test.DAL", "OpenQbit.Hospital.Test.DAL\OpenQbit.Hospital.Test.DAL.csproj", "{9DE3E8A6-0AD3-4808-980E-EAC4F88C0118}"
EndProject
Project("{FAE04EC0-301F-11D3-BF4B-00C04F79EFBC}") = "OpenQbit.Hospital.Test.BusinessService", "OpenQbit.Hospital.Test.BusinessService\OpenQbit.Hospital.Test.BusinessService.csproj", "{BAB5375F-C667-447D-9797-D33ED39642E1}"
EndProject
Global
	GlobalSection(SolutionConfigurationPlatforms) = preSolution
		Debug|Any CPU = Debug|Any CPU
		Release|Any CPU = Release|Any CPU
	EndGlobalSection
	GlobalSection(ProjectConfigurationPlatforms) = postSolution
		{27CBC4B0-558D-4CF7-BF7D-A557FE1B8B51}.Debug|Any CPU.ActiveCfg = Debug|Any CPU
		{27CBC4B0-558D-4CF7-BF7D-A557FE1B8B51}.Debug|Any CPU.Build.0 = Debug|Any CPU
		{27CBC4B0-558D-4CF7-BF7D-A557FE1B8B51}.Release|Any CPU.ActiveCfg = Release|Any CPU
		{27CBC4B0-558D-4CF7-BF7D-A557FE1B8B51}.Release|Any CPU.Build.0 = Release|Any CPU
		{E5FE8FDD-7567-4477-A194-810AD710A7C7}.Debug|Any CPU.ActiveCfg = Debug|Any CPU
		{E5FE8FDD-7567-4477-A194-810AD710A7C7}.Debug|Any CPU.Build.0 = Debug|Any CPU
		{E5FE8FDD-7567-4477-A194-810AD710A7C7}.Release|Any CPU.ActiveCfg = Release|Any CPU
		{E5FE8FDD-7567-4477-A194-810AD710A7C7}.Release|Any CPU.Build.0 = Release|Any CPU
		{C643ACDA-3157-4626-9855-7D2B42AB0EF8}.Debug|Any CPU.ActiveCfg = Debug|Any CPU
		{C643ACDA-3157-4626-9855-7D2B42AB0EF8}.Debug|Any CPU.Build.0 = Debug|Any CPU
		{C643ACDA-3157-4626-9855-7D2B42AB0EF8}.Release|Any CPU.ActiveCfg = Release|Any CPU
		{C643ACDA-3157-4626-9855-7D2B42AB0EF8}.Release|Any CPU.Build.0 = Release|Any CPU
		{1668544A-EF19-4E8D-8C4F-39FC765E8FBD}.Debug|Any CPU.ActiveCfg = Debug|Any CPU
		{1668544A-EF19-4E8D-8C4F-39FC765E8FBD}.Debug|Any CPU.Build.0 = Debug|Any CPU
		{1668544A-EF19-4E8D-8C4F-39FC765E8FBD}.Release|Any CPU.ActiveCfg = Release|Any CPU
		{1668544A-EF19-4E8D-8C4F-39FC765E8FBD}.Release|Any CPU.Build.0 = Release|Any CPU
		{5B5BC0A9-78E4-4F7A-B9CF-E0FEBA0A9EC0}.Debug|Any CPU.ActiveCfg = Debug|Any CPU
		{5B5BC0A9-78E4-4F7A-B9CF-E0FEBA0A9EC0}.Debug|Any CPU.Build.0 = Debug|Any CPU
		{5B5BC0A9-78E4-4F7A-B9CF-E0FEBA0A9EC0}.Release|Any CPU.ActiveCfg = Release|Any CPU
		{5B5BC0A9-78E4-4F7A-B9CF-E0FEBA0A9EC0}.Release|Any CPU.Build.0 = Release|Any CPU
		{783A4EBF-7CDE-46ED-A666-14A860FED1EF}.Debug|Any CPU.ActiveCfg = Debug|Any CPU
		{783A4EBF-7CDE-46ED-A666-14A860FED1EF}.Debug|Any CPU.Build.0 = Debug|Any CPU
		{783A4EBF-7CDE-46ED-A666-14A860FED1EF}.Release|Any CPU.ActiveCfg = Release|Any CPU
		{783A4EBF-7CDE-46ED-A666-14A860FED1EF}.Release|Any CPU.Build.0 = Release|Any CPU
		{CD15201E-F1D7-4D00-A38F-CC93245D86B4}.Debug|Any CPU.ActiveCfg = Debug|Any CPU
		{CD15201E-F1D7-4D00-A38F-CC93245D86B4}.Debug|Any CPU.Build.0 = Debug|Any CPU
		{CD15201E-F1D7-4D00-A38F-CC93245D86B4}.Release|Any CPU.ActiveCfg = Release|Any CPU
		{CD15201E-F1D7-4D00-A38F-CC93245D86B4}.Release|Any CPU.Build.0 = Release|Any CPU
		{8D38D97D-BC4F-42A8-A0FD-BCD3259A27C7}.Debug|Any CPU.ActiveCfg = Debug|Any CPU
		{8D38D97D-BC4F-42A8-A0FD-BCD3259A27C7}.Debug|Any CPU.Build.0 = Debug|Any CPU
		{8D38D97D-BC4F-42A8-A0FD-BCD3259A27C7}.Release|Any CPU.ActiveCfg = Release|Any CPU
		{8D38D97D-BC4F-42A8-A0FD-BCD3259A27C7}.Release|Any CPU.Build.0 = Release|Any CPU
		{6D07F9FE-0182-468D-9FD5-4935880B4936}.Debug|Any CPU.ActiveCfg = Debug|Any CPU
		{6D07F9FE-0182-468D-9FD5-4935880B4936}.Debug|Any CPU.Build.0 = Debug|Any CPU
		{6D07F9FE-0182-468D-9FD5-4935880B4936}.Release|Any CPU.ActiveCfg = Release|Any CPU
		{6D07F9FE-0182-468D-9FD5-4935880B4936}.Release|Any CPU.Build.0 = Release|Any CPU
		{9DE3E8A6-0AD3-4808-980E-EAC4F88C0118}.Debug|Any CPU.ActiveCfg = Debug|Any CPU
		{9DE3E8A6-0AD3-4808-980E-EAC4F88C0118}.Debug|Any CPU.Build.0 = Debug|Any CPU
		{9DE3E8A6-0AD3-4808-980E-EAC4F88C0118}.Release|Any CPU.ActiveCfg = Release|Any CPU
		{9DE3E8A6-0AD3-4808-980E-EAC4F88C0118}.Release|Any CPU.Build.0 = Release|Any CPU
		{BAB5375F-C667-447D-9797-D33ED39642E1}.Debug|Any CPU.ActiveCfg = Debug|Any CPU
		{BAB5375F-C667-447D-9797-D33ED39642E1}.Debug|Any CPU.Build.0 = Debug|Any CPU
		{BAB5375F-C667-447D-9797-D33ED39642E1}.Release|Any CPU.ActiveCfg = Release|Any CPU
		{BAB5375F-C667-447D-9797-D33ED39642E1}.Release|Any CPU.Build.0 = Release|Any CPU
	EndGlobalSection
	GlobalSection(SolutionProperties) = preSolution
		HideSolutionNode = FALSE
	EndGlobalSection
	GlobalSection(NestedProjects) = preSolution
		{27CBC4B0-558D-4CF7-BF7D-A557FE1B8B51} = {1D6DE637-E914-44F8-A951-678193C04626}
		{4A91D09F-DDA5-4B31-84B1-0F87ADBB6AAE} = {1D6DE637-E914-44F8-A951-678193C04626}
		{E5FE8FDD-7567-4477-A194-810AD710A7C7} = {4A91D09F-DDA5-4B31-84B1-0F87ADBB6AAE}
		{C643ACDA-3157-4626-9855-7D2B42AB0EF8} = {8041A495-ED17-4243-B8C5-E22B0ACFAAB4}
		{1668544A-EF19-4E8D-8C4F-39FC765E8FBD} = {D4C84DDF-983A-4AE5-899A-42147280A1B8}
		{5B5BC0A9-78E4-4F7A-B9CF-E0FEBA0A9EC0} = {1D6DE637-E914-44F8-A951-678193C04626}
		{783A4EBF-7CDE-46ED-A666-14A860FED1EF} = {C3AE40D7-7C08-41D6-A25B-36E52393E537}
		{CD15201E-F1D7-4D00-A38F-CC93245D86B4} = {C3AE40D7-7C08-41D6-A25B-36E52393E537}
		{8D38D97D-BC4F-42A8-A0FD-BCD3259A27C7} = {DF40B0CF-09AF-4AE8-8EC6-0C9EA8F5FCD2}
		{6D07F9FE-0182-468D-9FD5-4935880B4936} = {DF40B0CF-09AF-4AE8-8EC6-0C9EA8F5FCD2}
		{9DE3E8A6-0AD3-4808-980E-EAC4F88C0118} = {022E402D-A098-4049-9C05-537FD44F2254}
		{BAB5375F-C667-447D-9797-D33ED39642E1} = {022E402D-A098-4049-9C05-537FD44F2254}
	EndGlobalSection
EndGlobal
