
Microsoft Visual Studio Solution File, Format Version 12.00
# Visual Studio 14
VisualStudioVersion = 14.0.23107.0
MinimumVisualStudioVersion = 10.0.40219.1
Project("{2150E333-8FDC-42A3-9474-1A3956D46DE8}") = "0 Common", "0 Common", "{88700C72-71ED-452E-9E89-DDD71D50328B}"
EndProject
Project("{2150E333-8FDC-42A3-9474-1A3956D46DE8}") = "1 Presentation", "1 Presentation", "{74E2477C-82DD-40F1-8ED5-A646E2BA70D4}"
EndProject
Project("{2150E333-8FDC-42A3-9474-1A3956D46DE8}") = "2 Service", "2 Service", "{0759653D-B7D8-493F-A54D-851E3DB9B758}"
EndProject
Project("{2150E333-8FDC-42A3-9474-1A3956D46DE8}") = "3 BLL", "3 BLL", "{08434654-B787-41E7-9433-09DB27F57B9C}"
EndProject
Project("{2150E333-8FDC-42A3-9474-1A3956D46DE8}") = "4 DAL", "4 DAL", "{D05AA73A-CC45-493A-BFC2-93D9EE6E6CC3}"
EndProject
Project("{2150E333-8FDC-42A3-9474-1A3956D46DE8}") = "5 Test", "5 Test", "{85DA2994-967A-4EB2-A8D1-65B583BCD5FB}"
EndProject
Project("{FAE04EC0-301F-11D3-BF4B-00C04F79EFBC}") = "OpenQbit.Hospital.Common.Models", "OpenQbit.Hospital.Common.Models\OpenQbit.Hospital.Common.Models.csproj", "{27CBC4B0-558D-4CF7-BF7D-A557FE1B8B51}"
EndProject
Project("{FAE04EC0-301F-11D3-BF4B-00C04F79EFBC}") = "OpenQbit.Hospital.Presentation.Web", "OpenQbit.Hospital.Presentation.Web\OpenQbit.Hospital.Presentation.Web.csproj", "{6AA17F2B-1AF7-42DB-A0D6-841C3BC3C6DA}"
EndProject
Project("{FAE04EC0-301F-11D3-BF4B-00C04F79EFBC}") = "OpenQbit.Hospital.Test.BusinessService", "OpenQbit.Hospital.Test.BusinessService\OpenQbit.Hospital.Test.BusinessService.csproj", "{BAB5375F-C667-447D-9797-D33ED39642E1}"
EndProject
Project("{FAE04EC0-301F-11D3-BF4B-00C04F79EFBC}") = "OpenQbit.Hospital.Test.DAL", "OpenQbit.Hospital.Test.DAL\OpenQbit.Hospital.Test.DAL.csproj", "{9DE3E8A6-0AD3-4808-980E-EAC4F88C0118}"
EndProject
Project("{FAE04EC0-301F-11D3-BF4B-00C04F79EFBC}") = "OpenQbit.Hospital.BusinessService", "OpenQbit.Hospital.BusinessService\OpenQbit.Hospital.BusinessService.csproj", "{783A4EBF-7CDE-46ED-A666-14A860FED1EF}"
EndProject
Project("{FAE04EC0-301F-11D3-BF4B-00C04F79EFBC}") = "OpenQbit.Hospital.BusinessService.Contracts", "OpenQbit.Hospital.BusinessService.Contracts\OpenQbit.Hospital.BusinessService.Contracts.csproj", "{CD15201E-F1D7-4D00-A38F-CC93245D86B4}"
EndProject
Global
	GlobalSection(SolutionConfigurationPlatforms) = preSolution
		Debug|Any CPU = Debug|Any CPU
		Release|Any CPU = Release|Any CPU
	EndGlobalSection
	GlobalSection(ProjectConfigurationPlatforms) = postSolution
		{27CBC4B0-558D-4CF7-BF7D-A557FE1B8B51}.Debug|Any CPU.ActiveCfg = Debug|Any CPU
		{27CBC4B0-558D-4CF7-BF7D-A557FE1B8B51}.Debug|Any CPU.Build.0 = Debug|Any CPU
		{27CBC4B0-558D-4CF7-BF7D-A557FE1B8B51}.Release|Any CPU.ActiveCfg = Release|Any CPU
		{27CBC4B0-558D-4CF7-BF7D-A557FE1B8B51}.Release|Any CPU.Build.0 = Release|Any CPU
		{6AA17F2B-1AF7-42DB-A0D6-841C3BC3C6DA}.Debug|Any CPU.ActiveCfg = Debug|Any CPU
		{6AA17F2B-1AF7-42DB-A0D6-841C3BC3C6DA}.Debug|Any CPU.Build.0 = Debug|Any CPU
		{6AA17F2B-1AF7-42DB-A0D6-841C3BC3C6DA}.Release|Any CPU.ActiveCfg = Release|Any CPU
		{6AA17F2B-1AF7-42DB-A0D6-841C3BC3C6DA}.Release|Any CPU.Build.0 = Release|Any CPU
		{BAB5375F-C667-447D-9797-D33ED39642E1}.Debug|Any CPU.ActiveCfg = Debug|Any CPU
		{BAB5375F-C667-447D-9797-D33ED39642E1}.Debug|Any CPU.Build.0 = Debug|Any CPU
		{BAB5375F-C667-447D-9797-D33ED39642E1}.Release|Any CPU.ActiveCfg = Release|Any CPU
		{BAB5375F-C667-447D-9797-D33ED39642E1}.Release|Any CPU.Build.0 = Release|Any CPU
		{9DE3E8A6-0AD3-4808-980E-EAC4F88C0118}.Debug|Any CPU.ActiveCfg = Debug|Any CPU
		{9DE3E8A6-0AD3-4808-980E-EAC4F88C0118}.Debug|Any CPU.Build.0 = Debug|Any CPU
		{9DE3E8A6-0AD3-4808-980E-EAC4F88C0118}.Release|Any CPU.ActiveCfg = Release|Any CPU
		{9DE3E8A6-0AD3-4808-980E-EAC4F88C0118}.Release|Any CPU.Build.0 = Release|Any CPU
		{783A4EBF-7CDE-46ED-A666-14A860FED1EF}.Debug|Any CPU.ActiveCfg = Debug|Any CPU
		{783A4EBF-7CDE-46ED-A666-14A860FED1EF}.Debug|Any CPU.Build.0 = Debug|Any CPU
		{783A4EBF-7CDE-46ED-A666-14A860FED1EF}.Release|Any CPU.ActiveCfg = Release|Any CPU
		{783A4EBF-7CDE-46ED-A666-14A860FED1EF}.Release|Any CPU.Build.0 = Release|Any CPU
		{CD15201E-F1D7-4D00-A38F-CC93245D86B4}.Debug|Any CPU.ActiveCfg = Debug|Any CPU
		{CD15201E-F1D7-4D00-A38F-CC93245D86B4}.Debug|Any CPU.Build.0 = Debug|Any CPU
		{CD15201E-F1D7-4D00-A38F-CC93245D86B4}.Release|Any CPU.ActiveCfg = Release|Any CPU
		{CD15201E-F1D7-4D00-A38F-CC93245D86B4}.Release|Any CPU.Build.0 = Release|Any CPU
	EndGlobalSection
	GlobalSection(SolutionProperties) = preSolution
		HideSolutionNode = FALSE
	EndGlobalSection
	GlobalSection(NestedProjects) = preSolution
		{27CBC4B0-558D-4CF7-BF7D-A557FE1B8B51} = {88700C72-71ED-452E-9E89-DDD71D50328B}
		{6AA17F2B-1AF7-42DB-A0D6-841C3BC3C6DA} = {74E2477C-82DD-40F1-8ED5-A646E2BA70D4}
		{BAB5375F-C667-447D-9797-D33ED39642E1} = {85DA2994-967A-4EB2-A8D1-65B583BCD5FB}
		{9DE3E8A6-0AD3-4808-980E-EAC4F88C0118} = {85DA2994-967A-4EB2-A8D1-65B583BCD5FB}
		{783A4EBF-7CDE-46ED-A666-14A860FED1EF} = {08434654-B787-41E7-9433-09DB27F57B9C}
		{CD15201E-F1D7-4D00-A38F-CC93245D86B4} = {08434654-B787-41E7-9433-09DB27F57B9C}
	EndGlobalSection
EndGlobal
